
Microsoft Visual Studio Solution File, Format Version 12.00
# Visual Studio Version 17
VisualStudioVersion = 17.14.36408.4
MinimumVisualStudioVersion = 10.0.40219.1
Project("{FAE04EC0-301F-11D3-BF4B-00C04F79EFBC}") = "MoodPlaylist.SQLite.Repository", "MoodPlaylist.SQLite.Repository\MoodPlaylist.SQLite.Repository.csproj", "{BEEB4B3D-BE1F-35A3-4CF1-030D22855CA5}"
EndProject
Project("{FAE04EC0-301F-11D3-BF4B-00C04F79EFBC}") = "MoodPlaylist.SQLite.Services", "MoodPlaylist.SQLite.Services\MoodPlaylist.SQLite.Services.csproj", "{FE9A0F29-A2DE-B23B-7B3E-A03E6F4F7580}"
EndProject
Project("{FAE04EC0-301F-11D3-BF4B-00C04F79EFBC}") = "MoodPlaylistGenerator", "PF_Lab1_MoodPlaylist_A3_Matiga_Xyrylle-Claire\MoodPlaylistGenerator.csproj", "{5EC83F6E-FD00-23D6-31B9-AF1FBB12C10F}"
EndProject
Global
	GlobalSection(SolutionConfigurationPlatforms) = preSolution
		Debug|Any CPU = Debug|Any CPU
		Release|Any CPU = Release|Any CPU
	EndGlobalSection
	GlobalSection(ProjectConfigurationPlatforms) = postSolution
		{BEEB4B3D-BE1F-35A3-4CF1-030D22855CA5}.Debug|Any CPU.ActiveCfg = Debug|Any CPU
		{BEEB4B3D-BE1F-35A3-4CF1-030D22855CA5}.Debug|Any CPU.Build.0 = Debug|Any CPU
		{BEEB4B3D-BE1F-35A3-4CF1-030D22855CA5}.Release|Any CPU.ActiveCfg = Release|Any CPU
		{BEEB4B3D-BE1F-35A3-4CF1-030D22855CA5}.Release|Any CPU.Build.0 = Release|Any CPU
		{FE9A0F29-A2DE-B23B-7B3E-A03E6F4F7580}.Debug|Any CPU.ActiveCfg = Debug|Any CPU
		{FE9A0F29-A2DE-B23B-7B3E-A03E6F4F7580}.Debug|Any CPU.Build.0 = Debug|Any CPU
		{FE9A0F29-A2DE-B23B-7B3E-A03E6F4F7580}.Release|Any CPU.ActiveCfg = Release|Any CPU
		{FE9A0F29-A2DE-B23B-7B3E-A03E6F4F7580}.Release|Any CPU.Build.0 = Release|Any CPU
		{5EC83F6E-FD00-23D6-31B9-AF1FBB12C10F}.Debug|Any CPU.ActiveCfg = Debug|Any CPU
		{5EC83F6E-FD00-23D6-31B9-AF1FBB12C10F}.Debug|Any CPU.Build.0 = Debug|Any CPU
		{5EC83F6E-FD00-23D6-31B9-AF1FBB12C10F}.Release|Any CPU.ActiveCfg = Release|Any CPU
		{5EC83F6E-FD00-23D6-31B9-AF1FBB12C10F}.Release|Any CPU.Build.0 = Release|Any CPU
	EndGlobalSection
	GlobalSection(SolutionProperties) = preSolution
		HideSolutionNode = FALSE
	EndGlobalSection
	GlobalSection(ExtensibilityGlobals) = postSolution
		SolutionGuid = {5FC4CEB9-CEDF-44FC-8770-E646349882FE}
	EndGlobalSection
EndGlobal
